
Microsoft Visual Studio Solution File, Format Version 12.00
# Visual Studio 2013
VisualStudioVersion = 12.0.21005.1
MinimumVisualStudioVersion = 10.0.40219.1
Project("{FAE04EC0-301F-11D3-BF4B-00C04F79EFBC}") = "Watch", "Watch\Watch.csproj", "{B2AF31A8-CF9E-4A2C-AF51-9A4BDEBEE5E8}"
EndProject
Project("{FAE04EC0-301F-11D3-BF4B-00C04F79EFBC}") = "Watch.Toolkit", "Watch.Toolkit\Watch.Toolkit.csproj", "{EEC7F4E2-8FAD-4CC6-ACBA-58C0C6A182BE}"
EndProject
Project("{FAE04EC0-301F-11D3-BF4B-00C04F79EFBC}") = "Watch.Toolkit.Hardware", "Watch.Toolkit.Hardware\Watch.Toolkit.Hardware.csproj", "{67BE83B9-EE89-4EC2-8B57-AAFE1AF46699}"
EndProject
Project("{FAE04EC0-301F-11D3-BF4B-00C04F79EFBC}") = "AccelerometerTest", "AccelerometerTest\AccelerometerTest.csproj", "{47810F65-B22F-4608-8606-CC25E7F73EA5}"
EndProject
Project("{FAE04EC0-301F-11D3-BF4B-00C04F79EFBC}") = "GestureTouch.WPF", "..\GestureTouchToolkit\GestureTouch.WPF\GestureTouch.WPF.csproj", "{3D63A62F-90D3-454C-82CB-2CBB0183C337}"
EndProject
Project("{FAE04EC0-301F-11D3-BF4B-00C04F79EFBC}") = "Development.DataRecorder", "DataRecorder\Development.DataRecorder.csproj", "{463C9B35-7579-403E-8F51-369A90C9C33B}"
EndProject
Project("{FAE04EC0-301F-11D3-BF4B-00C04F79EFBC}") = "Development.DecisionTreeTrainer", "DecisionTreeTrainer\Development.DecisionTreeTrainer.csproj", "{304E75FB-34A8-4328-ADE0-8F925E28FF6E}"
EndProject
Global
	GlobalSection(SolutionConfigurationPlatforms) = preSolution
		Debug|Any CPU = Debug|Any CPU
		Release|Any CPU = Release|Any CPU
	EndGlobalSection
	GlobalSection(ProjectConfigurationPlatforms) = postSolution
		{B2AF31A8-CF9E-4A2C-AF51-9A4BDEBEE5E8}.Debug|Any CPU.ActiveCfg = Debug|Any CPU
		{B2AF31A8-CF9E-4A2C-AF51-9A4BDEBEE5E8}.Debug|Any CPU.Build.0 = Debug|Any CPU
		{B2AF31A8-CF9E-4A2C-AF51-9A4BDEBEE5E8}.Release|Any CPU.ActiveCfg = Release|Any CPU
		{B2AF31A8-CF9E-4A2C-AF51-9A4BDEBEE5E8}.Release|Any CPU.Build.0 = Release|Any CPU
		{EEC7F4E2-8FAD-4CC6-ACBA-58C0C6A182BE}.Debug|Any CPU.ActiveCfg = Debug|Any CPU
		{EEC7F4E2-8FAD-4CC6-ACBA-58C0C6A182BE}.Debug|Any CPU.Build.0 = Debug|Any CPU
		{EEC7F4E2-8FAD-4CC6-ACBA-58C0C6A182BE}.Release|Any CPU.ActiveCfg = Release|Any CPU
		{EEC7F4E2-8FAD-4CC6-ACBA-58C0C6A182BE}.Release|Any CPU.Build.0 = Release|Any CPU
		{67BE83B9-EE89-4EC2-8B57-AAFE1AF46699}.Debug|Any CPU.ActiveCfg = Debug|Any CPU
		{67BE83B9-EE89-4EC2-8B57-AAFE1AF46699}.Debug|Any CPU.Build.0 = Debug|Any CPU
		{67BE83B9-EE89-4EC2-8B57-AAFE1AF46699}.Release|Any CPU.ActiveCfg = Release|Any CPU
		{67BE83B9-EE89-4EC2-8B57-AAFE1AF46699}.Release|Any CPU.Build.0 = Release|Any CPU
		{47810F65-B22F-4608-8606-CC25E7F73EA5}.Debug|Any CPU.ActiveCfg = Debug|Any CPU
		{47810F65-B22F-4608-8606-CC25E7F73EA5}.Debug|Any CPU.Build.0 = Debug|Any CPU
		{47810F65-B22F-4608-8606-CC25E7F73EA5}.Release|Any CPU.ActiveCfg = Release|Any CPU
		{47810F65-B22F-4608-8606-CC25E7F73EA5}.Release|Any CPU.Build.0 = Release|Any CPU
		{3D63A62F-90D3-454C-82CB-2CBB0183C337}.Debug|Any CPU.ActiveCfg = Debug|Any CPU
		{3D63A62F-90D3-454C-82CB-2CBB0183C337}.Debug|Any CPU.Build.0 = Debug|Any CPU
		{3D63A62F-90D3-454C-82CB-2CBB0183C337}.Release|Any CPU.ActiveCfg = Release|Any CPU
		{3D63A62F-90D3-454C-82CB-2CBB0183C337}.Release|Any CPU.Build.0 = Release|Any CPU
		{463C9B35-7579-403E-8F51-369A90C9C33B}.Debug|Any CPU.ActiveCfg = Debug|Any CPU
		{463C9B35-7579-403E-8F51-369A90C9C33B}.Debug|Any CPU.Build.0 = Debug|Any CPU
		{463C9B35-7579-403E-8F51-369A90C9C33B}.Release|Any CPU.ActiveCfg = Release|Any CPU
		{463C9B35-7579-403E-8F51-369A90C9C33B}.Release|Any CPU.Build.0 = Release|Any CPU
		{304E75FB-34A8-4328-ADE0-8F925E28FF6E}.Debug|Any CPU.ActiveCfg = Debug|Any CPU
		{304E75FB-34A8-4328-ADE0-8F925E28FF6E}.Debug|Any CPU.Build.0 = Debug|Any CPU
		{304E75FB-34A8-4328-ADE0-8F925E28FF6E}.Release|Any CPU.ActiveCfg = Release|Any CPU
		{304E75FB-34A8-4328-ADE0-8F925E28FF6E}.Release|Any CPU.Build.0 = Release|Any CPU
	EndGlobalSection
	GlobalSection(SolutionProperties) = preSolution
		HideSolutionNode = FALSE
	EndGlobalSection
EndGlobal
