
Microsoft Visual Studio Solution File, Format Version 12.00
# Visual Studio 2013
VisualStudioVersion = 12.0.21005.1
MinimumVisualStudioVersion = 10.0.40219.1
Project("{FAE04EC0-301F-11D3-BF4B-00C04F79EFBC}") = "Watch", "Watch\Watch.csproj", "{B2AF31A8-CF9E-4A2C-AF51-9A4BDEBEE5E8}"
EndProject
Project("{FAE04EC0-301F-11D3-BF4B-00C04F79EFBC}") = "Watch.Toolkit", "Watch.Toolkit\Watch.Toolkit.csproj", "{EEC7F4E2-8FAD-4CC6-ACBA-58C0C6A182BE}"
EndProject
Project("{FAE04EC0-301F-11D3-BF4B-00C04F79EFBC}") = "Watch.Toolkit.Hardware", "Watch.Toolkit.Hardware\Watch.Toolkit.Hardware.csproj", "{67BE83B9-EE89-4EC2-8B57-AAFE1AF46699}"
EndProject
Project("{FAE04EC0-301F-11D3-BF4B-00C04F79EFBC}") = "Watch.Hardware.Test", "Watch.Hardware.Test\Watch.Hardware.Test.csproj", "{97C92770-6DC7-419D-84C4-94DC83BB0C53}"
EndProject
Project("{FAE04EC0-301F-11D3-BF4B-00C04F79EFBC}") = "NativeTouchSupport", "NativeTouchSupport\NativeTouchSupport.csproj", "{8CA2691B-B3A0-4179-8994-9AD9863C6984}"
EndProject
Global
	GlobalSection(SolutionConfigurationPlatforms) = preSolution
		Debug|Any CPU = Debug|Any CPU
		Release|Any CPU = Release|Any CPU
	EndGlobalSection
	GlobalSection(ProjectConfigurationPlatforms) = postSolution
		{B2AF31A8-CF9E-4A2C-AF51-9A4BDEBEE5E8}.Debug|Any CPU.ActiveCfg = Debug|Any CPU
		{B2AF31A8-CF9E-4A2C-AF51-9A4BDEBEE5E8}.Debug|Any CPU.Build.0 = Debug|Any CPU
		{B2AF31A8-CF9E-4A2C-AF51-9A4BDEBEE5E8}.Release|Any CPU.ActiveCfg = Release|Any CPU
		{B2AF31A8-CF9E-4A2C-AF51-9A4BDEBEE5E8}.Release|Any CPU.Build.0 = Release|Any CPU
		{EEC7F4E2-8FAD-4CC6-ACBA-58C0C6A182BE}.Debug|Any CPU.ActiveCfg = Debug|Any CPU
		{EEC7F4E2-8FAD-4CC6-ACBA-58C0C6A182BE}.Debug|Any CPU.Build.0 = Debug|Any CPU
		{EEC7F4E2-8FAD-4CC6-ACBA-58C0C6A182BE}.Release|Any CPU.ActiveCfg = Release|Any CPU
		{EEC7F4E2-8FAD-4CC6-ACBA-58C0C6A182BE}.Release|Any CPU.Build.0 = Release|Any CPU
		{67BE83B9-EE89-4EC2-8B57-AAFE1AF46699}.Debug|Any CPU.ActiveCfg = Debug|Any CPU
		{67BE83B9-EE89-4EC2-8B57-AAFE1AF46699}.Debug|Any CPU.Build.0 = Debug|Any CPU
		{67BE83B9-EE89-4EC2-8B57-AAFE1AF46699}.Release|Any CPU.ActiveCfg = Release|Any CPU
		{67BE83B9-EE89-4EC2-8B57-AAFE1AF46699}.Release|Any CPU.Build.0 = Release|Any CPU
		{97C92770-6DC7-419D-84C4-94DC83BB0C53}.Debug|Any CPU.ActiveCfg = Debug|Any CPU
		{97C92770-6DC7-419D-84C4-94DC83BB0C53}.Debug|Any CPU.Build.0 = Debug|Any CPU
		{97C92770-6DC7-419D-84C4-94DC83BB0C53}.Release|Any CPU.ActiveCfg = Release|Any CPU
		{97C92770-6DC7-419D-84C4-94DC83BB0C53}.Release|Any CPU.Build.0 = Release|Any CPU
		{8CA2691B-B3A0-4179-8994-9AD9863C6984}.Debug|Any CPU.ActiveCfg = Debug|Any CPU
		{8CA2691B-B3A0-4179-8994-9AD9863C6984}.Debug|Any CPU.Build.0 = Debug|Any CPU
		{8CA2691B-B3A0-4179-8994-9AD9863C6984}.Release|Any CPU.ActiveCfg = Release|Any CPU
		{8CA2691B-B3A0-4179-8994-9AD9863C6984}.Release|Any CPU.Build.0 = Release|Any CPU
	EndGlobalSection
	GlobalSection(SolutionProperties) = preSolution
		HideSolutionNode = FALSE
	EndGlobalSection
EndGlobal
