
Microsoft Visual Studio Solution File, Format Version 12.00
# Visual Studio 2013
VisualStudioVersion = 12.0.21005.1
MinimumVisualStudioVersion = 10.0.40219.1
Project("{FAE04EC0-301F-11D3-BF4B-00C04F79EFBC}") = "Watch.Toolkit", "Watch.Toolkit\Watch.Toolkit.csproj", "{EEC7F4E2-8FAD-4CC6-ACBA-58C0C6A182BE}"
EndProject
Project("{FAE04EC0-301F-11D3-BF4B-00C04F79EFBC}") = "Watch.Toolkit.Hardware", "Watch.Toolkit.Hardware\Watch.Toolkit.Hardware.csproj", "{67BE83B9-EE89-4EC2-8B57-AAFE1AF46699}"
EndProject
Project("{FAE04EC0-301F-11D3-BF4B-00C04F79EFBC}") = "Watch.Toolkit.Tools", "Watch.Toolkit.Utils\Watch.Toolkit.Tools.csproj", "{F659B34D-D043-4ECE-9D7D-491E65193827}"
EndProject
Project("{FAE04EC0-301F-11D3-BF4B-00C04F79EFBC}") = "Watch.Toolkit.Network", "Watch.Toolkit.Network\Watch.Toolkit.Network.csproj", "{5A806AD7-28D4-404D-90DD-E8F4B434E17E}"
EndProject
Project("{2150E333-8FDC-42A3-9474-1A3956D46DE8}") = ".nuget", ".nuget", "{A3DB1294-C9F3-4590-B956-55A309A640E8}"
	ProjectSection(SolutionItems) = preProject
		.nuget\packages.config = .nuget\packages.config
	EndProjectSection
EndProject
Project("{FAE04EC0-301F-11D3-BF4B-00C04F79EFBC}") = "Watch.Examples.Desktop", "Watch.Examples.Desktop\Watch.Examples.Desktop.csproj", "{690ED346-1842-4410-9438-B08E0FBE4699}"
EndProject
Project("{FAE04EC0-301F-11D3-BF4B-00C04F79EFBC}") = "Watch.Examples.HelloWorld", "Watch.Examples.HelloWorld\Watch.Examples.HelloWorld.csproj", "{B63C9C11-050C-4AB2-9FBF-9EF4D654B5C8}"
EndProject
Project("{FAE04EC0-301F-11D3-BF4B-00C04F79EFBC}") = "Watch.Examples.Surface", "Watch.Examples.Surface\Watch.Examples.Surface.csproj", "{010B7CF0-9D2D-42FC-9196-24E46B97A117}"
EndProject
Project("{FAE04EC0-301F-11D3-BF4B-00C04F79EFBC}") = "Watch.Debug", "Watch.Debug\Watch.Debug.csproj", "{C7B58F88-8D9D-4FEC-9121-28EA8EC15B8C}"
EndProject
Project("{FAE04EC0-301F-11D3-BF4B-00C04F79EFBC}") = "Watch.Examples.GyroVisualizer", "Watch.Examples.GyroVisualizer\Watch.Examples.GyroVisualizer.csproj", "{ED9A9F8D-9183-469A-979A-3D08D36DC32B}"
EndProject
Project("{FAE04EC0-301F-11D3-BF4B-00C04F79EFBC}") = "Watch.Examples.Map", "Watch.Examples.Map\Watch.Examples.Map.csproj", "{E6E09120-BD83-469B-9E24-8155F98536CD}"
EndProject
Global
	GlobalSection(SolutionConfigurationPlatforms) = preSolution
		Debug|Any CPU = Debug|Any CPU
		Debug|Mixed Platforms = Debug|Mixed Platforms
		Debug|Win32 = Debug|Win32
		Release|Any CPU = Release|Any CPU
		Release|Mixed Platforms = Release|Mixed Platforms
		Release|Win32 = Release|Win32
	EndGlobalSection
	GlobalSection(ProjectConfigurationPlatforms) = postSolution
		{EEC7F4E2-8FAD-4CC6-ACBA-58C0C6A182BE}.Debug|Any CPU.ActiveCfg = Debug|Any CPU
		{EEC7F4E2-8FAD-4CC6-ACBA-58C0C6A182BE}.Debug|Any CPU.Build.0 = Debug|Any CPU
		{EEC7F4E2-8FAD-4CC6-ACBA-58C0C6A182BE}.Debug|Mixed Platforms.ActiveCfg = Debug|Any CPU
		{EEC7F4E2-8FAD-4CC6-ACBA-58C0C6A182BE}.Debug|Mixed Platforms.Build.0 = Debug|Any CPU
		{EEC7F4E2-8FAD-4CC6-ACBA-58C0C6A182BE}.Debug|Win32.ActiveCfg = Debug|Any CPU
		{EEC7F4E2-8FAD-4CC6-ACBA-58C0C6A182BE}.Release|Any CPU.ActiveCfg = Release|Any CPU
		{EEC7F4E2-8FAD-4CC6-ACBA-58C0C6A182BE}.Release|Any CPU.Build.0 = Release|Any CPU
		{EEC7F4E2-8FAD-4CC6-ACBA-58C0C6A182BE}.Release|Mixed Platforms.ActiveCfg = Release|Any CPU
		{EEC7F4E2-8FAD-4CC6-ACBA-58C0C6A182BE}.Release|Mixed Platforms.Build.0 = Release|Any CPU
		{EEC7F4E2-8FAD-4CC6-ACBA-58C0C6A182BE}.Release|Win32.ActiveCfg = Release|Any CPU
		{67BE83B9-EE89-4EC2-8B57-AAFE1AF46699}.Debug|Any CPU.ActiveCfg = Debug|Any CPU
		{67BE83B9-EE89-4EC2-8B57-AAFE1AF46699}.Debug|Any CPU.Build.0 = Debug|Any CPU
		{67BE83B9-EE89-4EC2-8B57-AAFE1AF46699}.Debug|Mixed Platforms.ActiveCfg = Debug|Any CPU
		{67BE83B9-EE89-4EC2-8B57-AAFE1AF46699}.Debug|Mixed Platforms.Build.0 = Debug|Any CPU
		{67BE83B9-EE89-4EC2-8B57-AAFE1AF46699}.Debug|Win32.ActiveCfg = Debug|Any CPU
		{67BE83B9-EE89-4EC2-8B57-AAFE1AF46699}.Release|Any CPU.ActiveCfg = Release|Any CPU
		{67BE83B9-EE89-4EC2-8B57-AAFE1AF46699}.Release|Any CPU.Build.0 = Release|Any CPU
		{67BE83B9-EE89-4EC2-8B57-AAFE1AF46699}.Release|Mixed Platforms.ActiveCfg = Release|Any CPU
		{67BE83B9-EE89-4EC2-8B57-AAFE1AF46699}.Release|Mixed Platforms.Build.0 = Release|Any CPU
		{67BE83B9-EE89-4EC2-8B57-AAFE1AF46699}.Release|Win32.ActiveCfg = Release|Any CPU
		{F659B34D-D043-4ECE-9D7D-491E65193827}.Debug|Any CPU.ActiveCfg = Debug|Any CPU
		{F659B34D-D043-4ECE-9D7D-491E65193827}.Debug|Any CPU.Build.0 = Debug|Any CPU
		{F659B34D-D043-4ECE-9D7D-491E65193827}.Debug|Mixed Platforms.ActiveCfg = Debug|Any CPU
		{F659B34D-D043-4ECE-9D7D-491E65193827}.Debug|Mixed Platforms.Build.0 = Debug|Any CPU
		{F659B34D-D043-4ECE-9D7D-491E65193827}.Debug|Win32.ActiveCfg = Debug|Any CPU
		{F659B34D-D043-4ECE-9D7D-491E65193827}.Release|Any CPU.ActiveCfg = Release|Any CPU
		{F659B34D-D043-4ECE-9D7D-491E65193827}.Release|Any CPU.Build.0 = Release|Any CPU
		{F659B34D-D043-4ECE-9D7D-491E65193827}.Release|Mixed Platforms.ActiveCfg = Release|Any CPU
		{F659B34D-D043-4ECE-9D7D-491E65193827}.Release|Mixed Platforms.Build.0 = Release|Any CPU
		{F659B34D-D043-4ECE-9D7D-491E65193827}.Release|Win32.ActiveCfg = Release|Any CPU
		{5A806AD7-28D4-404D-90DD-E8F4B434E17E}.Debug|Any CPU.ActiveCfg = Debug|Any CPU
		{5A806AD7-28D4-404D-90DD-E8F4B434E17E}.Debug|Any CPU.Build.0 = Debug|Any CPU
		{5A806AD7-28D4-404D-90DD-E8F4B434E17E}.Debug|Mixed Platforms.ActiveCfg = Debug|Any CPU
		{5A806AD7-28D4-404D-90DD-E8F4B434E17E}.Debug|Mixed Platforms.Build.0 = Debug|Any CPU
		{5A806AD7-28D4-404D-90DD-E8F4B434E17E}.Debug|Win32.ActiveCfg = Debug|Any CPU
		{5A806AD7-28D4-404D-90DD-E8F4B434E17E}.Release|Any CPU.ActiveCfg = Release|Any CPU
		{5A806AD7-28D4-404D-90DD-E8F4B434E17E}.Release|Any CPU.Build.0 = Release|Any CPU
		{5A806AD7-28D4-404D-90DD-E8F4B434E17E}.Release|Mixed Platforms.ActiveCfg = Release|Any CPU
		{5A806AD7-28D4-404D-90DD-E8F4B434E17E}.Release|Mixed Platforms.Build.0 = Release|Any CPU
		{5A806AD7-28D4-404D-90DD-E8F4B434E17E}.Release|Win32.ActiveCfg = Release|Any CPU
		{690ED346-1842-4410-9438-B08E0FBE4699}.Debug|Any CPU.ActiveCfg = Debug|Any CPU
		{690ED346-1842-4410-9438-B08E0FBE4699}.Debug|Any CPU.Build.0 = Debug|Any CPU
		{690ED346-1842-4410-9438-B08E0FBE4699}.Debug|Mixed Platforms.ActiveCfg = Debug|Any CPU
		{690ED346-1842-4410-9438-B08E0FBE4699}.Debug|Mixed Platforms.Build.0 = Debug|Any CPU
		{690ED346-1842-4410-9438-B08E0FBE4699}.Debug|Win32.ActiveCfg = Debug|Any CPU
		{690ED346-1842-4410-9438-B08E0FBE4699}.Release|Any CPU.ActiveCfg = Release|Any CPU
		{690ED346-1842-4410-9438-B08E0FBE4699}.Release|Any CPU.Build.0 = Release|Any CPU
		{690ED346-1842-4410-9438-B08E0FBE4699}.Release|Mixed Platforms.ActiveCfg = Release|Any CPU
		{690ED346-1842-4410-9438-B08E0FBE4699}.Release|Mixed Platforms.Build.0 = Release|Any CPU
		{690ED346-1842-4410-9438-B08E0FBE4699}.Release|Win32.ActiveCfg = Release|Any CPU
		{B63C9C11-050C-4AB2-9FBF-9EF4D654B5C8}.Debug|Any CPU.ActiveCfg = Debug|Any CPU
		{B63C9C11-050C-4AB2-9FBF-9EF4D654B5C8}.Debug|Any CPU.Build.0 = Debug|Any CPU
		{B63C9C11-050C-4AB2-9FBF-9EF4D654B5C8}.Debug|Mixed Platforms.ActiveCfg = Debug|Any CPU
		{B63C9C11-050C-4AB2-9FBF-9EF4D654B5C8}.Debug|Mixed Platforms.Build.0 = Debug|Any CPU
		{B63C9C11-050C-4AB2-9FBF-9EF4D654B5C8}.Debug|Win32.ActiveCfg = Debug|Any CPU
		{B63C9C11-050C-4AB2-9FBF-9EF4D654B5C8}.Release|Any CPU.ActiveCfg = Release|Any CPU
		{B63C9C11-050C-4AB2-9FBF-9EF4D654B5C8}.Release|Any CPU.Build.0 = Release|Any CPU
		{B63C9C11-050C-4AB2-9FBF-9EF4D654B5C8}.Release|Mixed Platforms.ActiveCfg = Release|Any CPU
		{B63C9C11-050C-4AB2-9FBF-9EF4D654B5C8}.Release|Mixed Platforms.Build.0 = Release|Any CPU
		{B63C9C11-050C-4AB2-9FBF-9EF4D654B5C8}.Release|Win32.ActiveCfg = Release|Any CPU
		{010B7CF0-9D2D-42FC-9196-24E46B97A117}.Debug|Any CPU.ActiveCfg = Debug|Any CPU
		{010B7CF0-9D2D-42FC-9196-24E46B97A117}.Debug|Any CPU.Build.0 = Debug|Any CPU
		{010B7CF0-9D2D-42FC-9196-24E46B97A117}.Debug|Mixed Platforms.ActiveCfg = Debug|Any CPU
		{010B7CF0-9D2D-42FC-9196-24E46B97A117}.Debug|Mixed Platforms.Build.0 = Debug|Any CPU
		{010B7CF0-9D2D-42FC-9196-24E46B97A117}.Debug|Win32.ActiveCfg = Debug|Any CPU
		{010B7CF0-9D2D-42FC-9196-24E46B97A117}.Release|Any CPU.ActiveCfg = Release|Any CPU
		{010B7CF0-9D2D-42FC-9196-24E46B97A117}.Release|Any CPU.Build.0 = Release|Any CPU
		{010B7CF0-9D2D-42FC-9196-24E46B97A117}.Release|Mixed Platforms.ActiveCfg = Release|Any CPU
		{010B7CF0-9D2D-42FC-9196-24E46B97A117}.Release|Mixed Platforms.Build.0 = Release|Any CPU
		{010B7CF0-9D2D-42FC-9196-24E46B97A117}.Release|Win32.ActiveCfg = Release|Any CPU
		{C7B58F88-8D9D-4FEC-9121-28EA8EC15B8C}.Debug|Any CPU.ActiveCfg = Debug|Any CPU
		{C7B58F88-8D9D-4FEC-9121-28EA8EC15B8C}.Debug|Any CPU.Build.0 = Debug|Any CPU
		{C7B58F88-8D9D-4FEC-9121-28EA8EC15B8C}.Debug|Mixed Platforms.ActiveCfg = Debug|Any CPU
		{C7B58F88-8D9D-4FEC-9121-28EA8EC15B8C}.Debug|Mixed Platforms.Build.0 = Debug|Any CPU
		{C7B58F88-8D9D-4FEC-9121-28EA8EC15B8C}.Debug|Win32.ActiveCfg = Debug|Any CPU
		{C7B58F88-8D9D-4FEC-9121-28EA8EC15B8C}.Release|Any CPU.ActiveCfg = Release|Any CPU
		{C7B58F88-8D9D-4FEC-9121-28EA8EC15B8C}.Release|Any CPU.Build.0 = Release|Any CPU
		{C7B58F88-8D9D-4FEC-9121-28EA8EC15B8C}.Release|Mixed Platforms.ActiveCfg = Release|Any CPU
		{C7B58F88-8D9D-4FEC-9121-28EA8EC15B8C}.Release|Mixed Platforms.Build.0 = Release|Any CPU
		{C7B58F88-8D9D-4FEC-9121-28EA8EC15B8C}.Release|Win32.ActiveCfg = Release|Any CPU
		{ED9A9F8D-9183-469A-979A-3D08D36DC32B}.Debug|Any CPU.ActiveCfg = Debug|Any CPU
		{ED9A9F8D-9183-469A-979A-3D08D36DC32B}.Debug|Any CPU.Build.0 = Debug|Any CPU
		{ED9A9F8D-9183-469A-979A-3D08D36DC32B}.Debug|Mixed Platforms.ActiveCfg = Debug|Any CPU
		{ED9A9F8D-9183-469A-979A-3D08D36DC32B}.Debug|Mixed Platforms.Build.0 = Debug|Any CPU
		{ED9A9F8D-9183-469A-979A-3D08D36DC32B}.Debug|Win32.ActiveCfg = Debug|Any CPU
		{ED9A9F8D-9183-469A-979A-3D08D36DC32B}.Release|Any CPU.ActiveCfg = Release|Any CPU
		{ED9A9F8D-9183-469A-979A-3D08D36DC32B}.Release|Any CPU.Build.0 = Release|Any CPU
		{ED9A9F8D-9183-469A-979A-3D08D36DC32B}.Release|Mixed Platforms.ActiveCfg = Release|Any CPU
		{ED9A9F8D-9183-469A-979A-3D08D36DC32B}.Release|Mixed Platforms.Build.0 = Release|Any CPU
		{ED9A9F8D-9183-469A-979A-3D08D36DC32B}.Release|Win32.ActiveCfg = Release|Any CPU
		{E6E09120-BD83-469B-9E24-8155F98536CD}.Debug|Any CPU.ActiveCfg = Debug|Any CPU
		{E6E09120-BD83-469B-9E24-8155F98536CD}.Debug|Any CPU.Build.0 = Debug|Any CPU
		{E6E09120-BD83-469B-9E24-8155F98536CD}.Debug|Mixed Platforms.ActiveCfg = Debug|Any CPU
		{E6E09120-BD83-469B-9E24-8155F98536CD}.Debug|Mixed Platforms.Build.0 = Debug|Any CPU
		{E6E09120-BD83-469B-9E24-8155F98536CD}.Debug|Win32.ActiveCfg = Debug|Any CPU
		{E6E09120-BD83-469B-9E24-8155F98536CD}.Release|Any CPU.ActiveCfg = Release|Any CPU
		{E6E09120-BD83-469B-9E24-8155F98536CD}.Release|Any CPU.Build.0 = Release|Any CPU
		{E6E09120-BD83-469B-9E24-8155F98536CD}.Release|Mixed Platforms.ActiveCfg = Release|Any CPU
		{E6E09120-BD83-469B-9E24-8155F98536CD}.Release|Mixed Platforms.Build.0 = Release|Any CPU
		{E6E09120-BD83-469B-9E24-8155F98536CD}.Release|Win32.ActiveCfg = Release|Any CPU
	EndGlobalSection
	GlobalSection(SolutionProperties) = preSolution
		HideSolutionNode = FALSE
	EndGlobalSection
EndGlobal
